
Microsoft Visual Studio Solution File, Format Version 12.00
# Visual Studio 2013
VisualStudioVersion = 12.0.21005.1
MinimumVisualStudioVersion = 10.0.40219.1
Project("{FAE04EC0-301F-11D3-BF4B-00C04F79EFBC}") = "dispersiya", "dispersiya\dispersiya.csproj", "{684169C2-E19C-4D71-9274-7631500E11F0}"
EndProject
Project("{FAE04EC0-301F-11D3-BF4B-00C04F79EFBC}") = "Shpilevaya_tasks", "Shpilevaya_tasks\Shpilevaya_tasks.csproj", "{C55C0AF4-E862-40DC-A021-8CD8E7A7DC10}"
EndProject
Project("{FAE04EC0-301F-11D3-BF4B-00C04F79EFBC}") = "Shpilevaya__tasks", "Shpilevaya__tasks\Shpilevaya__tasks.csproj", "{BE15DA21-0B76-4007-B301-FB4F8E7FD98A}"
EndProject
Project("{FAE04EC0-301F-11D3-BF4B-00C04F79EFBC}") = "text", "text\text.csproj", "{8BA3F6AB-042D-4FDA-A04F-C0FD4E6F5DFC}"
EndProject
Project("{FAE04EC0-301F-11D3-BF4B-00C04F79EFBC}") = "ConsoleApplication1", "ConsoleApplication1\ConsoleApplication1.csproj", "{6D1B2710-06D9-4AB9-B6F6-91CF45D8B508}"
EndProject
Project("{FAE04EC0-301F-11D3-BF4B-00C04F79EFBC}") = "dlina", "dlina\dlina.csproj", "{DBFBDA85-1588-4D9F-ACBC-E970268CCC82}"
EndProject
Project("{FAE04EC0-301F-11D3-BF4B-00C04F79EFBC}") = "polindrom", "polindrom\polindrom.csproj", "{339DEE79-EFC9-41EC-9D14-6DD51B90D794}"
EndProject
Project("{FAE04EC0-301F-11D3-BF4B-00C04F79EFBC}") = "kodirovka", "kodirovka\kodirovka.csproj", "{B3C9C0F3-7767-4907-804A-41DA9F313A89}"
EndProject
Global
	GlobalSection(SolutionConfigurationPlatforms) = preSolution
		Debug|Any CPU = Debug|Any CPU
		Release|Any CPU = Release|Any CPU
	EndGlobalSection
	GlobalSection(ProjectConfigurationPlatforms) = postSolution
		{684169C2-E19C-4D71-9274-7631500E11F0}.Debug|Any CPU.ActiveCfg = Debug|Any CPU
		{684169C2-E19C-4D71-9274-7631500E11F0}.Debug|Any CPU.Build.0 = Debug|Any CPU
		{684169C2-E19C-4D71-9274-7631500E11F0}.Release|Any CPU.ActiveCfg = Release|Any CPU
		{684169C2-E19C-4D71-9274-7631500E11F0}.Release|Any CPU.Build.0 = Release|Any CPU
		{C55C0AF4-E862-40DC-A021-8CD8E7A7DC10}.Debug|Any CPU.ActiveCfg = Debug|Any CPU
		{C55C0AF4-E862-40DC-A021-8CD8E7A7DC10}.Debug|Any CPU.Build.0 = Debug|Any CPU
		{C55C0AF4-E862-40DC-A021-8CD8E7A7DC10}.Release|Any CPU.ActiveCfg = Release|Any CPU
		{C55C0AF4-E862-40DC-A021-8CD8E7A7DC10}.Release|Any CPU.Build.0 = Release|Any CPU
		{BE15DA21-0B76-4007-B301-FB4F8E7FD98A}.Debug|Any CPU.ActiveCfg = Debug|Any CPU
		{BE15DA21-0B76-4007-B301-FB4F8E7FD98A}.Debug|Any CPU.Build.0 = Debug|Any CPU
		{BE15DA21-0B76-4007-B301-FB4F8E7FD98A}.Release|Any CPU.ActiveCfg = Release|Any CPU
		{BE15DA21-0B76-4007-B301-FB4F8E7FD98A}.Release|Any CPU.Build.0 = Release|Any CPU
		{8BA3F6AB-042D-4FDA-A04F-C0FD4E6F5DFC}.Debug|Any CPU.ActiveCfg = Debug|Any CPU
		{8BA3F6AB-042D-4FDA-A04F-C0FD4E6F5DFC}.Debug|Any CPU.Build.0 = Debug|Any CPU
		{8BA3F6AB-042D-4FDA-A04F-C0FD4E6F5DFC}.Release|Any CPU.ActiveCfg = Release|Any CPU
		{8BA3F6AB-042D-4FDA-A04F-C0FD4E6F5DFC}.Release|Any CPU.Build.0 = Release|Any CPU
		{6D1B2710-06D9-4AB9-B6F6-91CF45D8B508}.Debug|Any CPU.ActiveCfg = Debug|Any CPU
		{6D1B2710-06D9-4AB9-B6F6-91CF45D8B508}.Debug|Any CPU.Build.0 = Debug|Any CPU
		{6D1B2710-06D9-4AB9-B6F6-91CF45D8B508}.Release|Any CPU.ActiveCfg = Release|Any CPU
		{6D1B2710-06D9-4AB9-B6F6-91CF45D8B508}.Release|Any CPU.Build.0 = Release|Any CPU
		{DBFBDA85-1588-4D9F-ACBC-E970268CCC82}.Debug|Any CPU.ActiveCfg = Debug|Any CPU
		{DBFBDA85-1588-4D9F-ACBC-E970268CCC82}.Debug|Any CPU.Build.0 = Debug|Any CPU
		{DBFBDA85-1588-4D9F-ACBC-E970268CCC82}.Release|Any CPU.ActiveCfg = Release|Any CPU
		{DBFBDA85-1588-4D9F-ACBC-E970268CCC82}.Release|Any CPU.Build.0 = Release|Any CPU
		{339DEE79-EFC9-41EC-9D14-6DD51B90D794}.Debug|Any CPU.ActiveCfg = Debug|Any CPU
		{339DEE79-EFC9-41EC-9D14-6DD51B90D794}.Debug|Any CPU.Build.0 = Debug|Any CPU
		{339DEE79-EFC9-41EC-9D14-6DD51B90D794}.Release|Any CPU.ActiveCfg = Release|Any CPU
		{339DEE79-EFC9-41EC-9D14-6DD51B90D794}.Release|Any CPU.Build.0 = Release|Any CPU
		{B3C9C0F3-7767-4907-804A-41DA9F313A89}.Debug|Any CPU.ActiveCfg = Debug|Any CPU
		{B3C9C0F3-7767-4907-804A-41DA9F313A89}.Debug|Any CPU.Build.0 = Debug|Any CPU
		{B3C9C0F3-7767-4907-804A-41DA9F313A89}.Release|Any CPU.ActiveCfg = Release|Any CPU
		{B3C9C0F3-7767-4907-804A-41DA9F313A89}.Release|Any CPU.Build.0 = Release|Any CPU
	EndGlobalSection
	GlobalSection(SolutionProperties) = preSolution
		HideSolutionNode = FALSE
	EndGlobalSection
EndGlobal
