
Microsoft Visual Studio Solution File, Format Version 12.00
# Visual Studio 2013
VisualStudioVersion = 12.0.21005.1
MinimumVisualStudioVersion = 10.0.40219.1
Project("{FAE04EC0-301F-11D3-BF4B-00C04F79EFBC}") = "ticket", "ticket\ticket.csproj", "{2BAD9BCE-4606-4C95-BC1A-59BEDA9AA915}"
EndProject
Project("{FAE04EC0-301F-11D3-BF4B-00C04F79EFBC}") = "polyndrom", "polyndrom\polyndrom.csproj", "{9AAA49D2-4451-4A75-9761-5AEF987ED785}"
EndProject
Global
	GlobalSection(SolutionConfigurationPlatforms) = preSolution
		Debug|Any CPU = Debug|Any CPU
		Release|Any CPU = Release|Any CPU
	EndGlobalSection
	GlobalSection(ProjectConfigurationPlatforms) = postSolution
		{2BAD9BCE-4606-4C95-BC1A-59BEDA9AA915}.Debug|Any CPU.ActiveCfg = Debug|Any CPU
		{2BAD9BCE-4606-4C95-BC1A-59BEDA9AA915}.Debug|Any CPU.Build.0 = Debug|Any CPU
		{2BAD9BCE-4606-4C95-BC1A-59BEDA9AA915}.Release|Any CPU.ActiveCfg = Release|Any CPU
		{2BAD9BCE-4606-4C95-BC1A-59BEDA9AA915}.Release|Any CPU.Build.0 = Release|Any CPU
		{9AAA49D2-4451-4A75-9761-5AEF987ED785}.Debug|Any CPU.ActiveCfg = Debug|Any CPU
		{9AAA49D2-4451-4A75-9761-5AEF987ED785}.Debug|Any CPU.Build.0 = Debug|Any CPU
		{9AAA49D2-4451-4A75-9761-5AEF987ED785}.Release|Any CPU.ActiveCfg = Release|Any CPU
		{9AAA49D2-4451-4A75-9761-5AEF987ED785}.Release|Any CPU.Build.0 = Release|Any CPU
	EndGlobalSection
	GlobalSection(SolutionProperties) = preSolution
		HideSolutionNode = FALSE
	EndGlobalSection
EndGlobal
